github.com/Microsoft/go-winio v0.4.8-0.20180501170546-ab35fc04b636 h1:VoSLd1pd/Q4WEAriqQVyn1IVJir9xi+ZhaYtGyWoiWg=
github.com/Microsoft/go-winio v0.4.8-0.20180501170546-ab35fc04b636/go.mod h1:VhR8bwka0BXejwEJY73c50VrPtXAaKcyvVC4A4RozmA=
github.com/codegangsta/cli v1.20.1-0.20180226030253-8e01ec4cd3e2 h1:2TWVzpHDByu6xm+QylSAZJ3rm5sVV9XqyBSIPeV5UFE=
github.com/codegangsta/cli v1.20.1-0.20180226030253-8e01ec4cd3e2/go.mod h1:/qJNoX69yVSKu5o4jLyXAENLRyk1uhi7zkbQ3slBdOA=
github.com/coreos/etcd v3.3.0-rc.0.0.20180508235009-ef23564ebffa+incompatible h1:6AhXdG7uoYq1vgvCuSgdIqluxM2L8iXWiX83QUb31y8=
github.com/coreos/etcd v3.3.0-rc.0.0.20180508235009-ef23564ebffa+incompatible/go.mod h1:uF7uidLiAD3TWHmW31ZFd/JWoc32PjwdhPthX9715RE=
github.com/coreos/go-systemd v0.0.0-20180409111510-d1b7d058aa2a h1:kJfKDOt1RNg9d0/s1KKRY0W3iJkfnURwhZo3BbaDIMY=
github.com/coreos/go-systemd v0.0.0-20180409111510-d1b7d058aa2a/go.mod h1:F5haX7vjVVG0kc13fIWeqUViNPyEJxv/OmvnBo0Yme4=
github.com/coreos/pkg v0.0.0-20180108230652-97fdf19511ea h1:n2Ltr3SrfQlf/9nOna1DoGKxLx3qTSI8Ttl6Xrqp6mw=
github.com/coreos/pkg v0.0.0-20180108230652-97fdf19511ea/go.mod h1:E3G3o1h8I7cfcXa63jLwjI0eiQQMgzzUDFVpN/nH/eA=
github.com/cpuguy83/go-md2man v1.0.9-0.20180215021727-48d8747a2ca1 h1:ElayFqEP25dH3OBk0+SPM3B+k/g0iussQgBucpVfl8g=
github.com/cpuguy83/go-md2man v1.0.9-0.20180215021727-48d8747a2ca1/go.mod h1:N6JayAiVKtlHSnuTCeuLSQVs75hb8q+dYQLjr7cDsKY=
github.com/davecgh/go-spew v1.1.1 h1:vj9j/u1bqnvCEfJOwUhtlOARqs3+rkHYY13jYWTU97c=
github.com/davecgh/go-spew v1.1.1/go.mod h1:J7Y8YcW2NihsgmVo/mv3lAwl/skON4iLHjSsI+c5H38=
github.com/docker/distribution v2.8.0+incompatible h1:l9EaZDICImO1ngI+uTifW+ZYvvz7fKISBAKpg+MbWbY=
github.com/docker/distribution v2.8.0+incompatible/go.mod h1:J2gT2udsDAN96Uj4KfcMRqY0/ypR+oyYUYmja8H+y+w=
github.com/docker/docker v17.12.0-ce-rc1.0.20180508015315-17b039cb4901+incompatible h1:16LaEntlOEKDQsRV2KC9KidLegRSIFYc+5Tm/UyWIc8=
github.com/docker/docker v17.12.0-ce-rc1.0.20180508015315-17b039cb4901+incompatible/go.mod h1:eEKB0N0r5NX/I1kEveEz05bcu8tLC/8azJZsviup8Sk=
github.com/docker/go-connections v0.4.0 h1:El9xVISelRB7BuFusrZozjnkIM5YnzCViNKohAFqRJQ=
github.com/docker/go-connections v0.4.0/go.mod h1:Gbd7IOopHjR8Iph03tsViu4nIes5XhDvyHbTtUxmeec=
github.com/docker/go-units v0.3.3 h1:Xk8S3Xj5sLGlG5g67hJmYMmUgXv5N4PhkjJHHqrwnTk=
github.com/docker/go-units v0.3.3/go.mod h1:fgPhTUdO+D/Jk86RDLlptpiXQzgHJF7gydDDbaIK4Dk=
github.com/gogo/protobuf v1.0.1-0.20180330174643-1ef32a8b9fc3 h1:TgPfNtN6DBO3rg2iMwzMpYi9xbquL7E4WPXOQEU8svg=
github.com/gogo/protobuf v1.0.1-0.20180330174643-1ef32a8b9fc3/go.mod h1:r8qH/GZQm5c6nD/R0oafs1akxWv10x8SbQlK7atdtwQ=
github.com/google/go-cmp v0.5.6 h1:BKbKCqvP6I+rmFHt06ZmyQtvB8xAkWdhFyr0ZUNZcxQ=
github.com/google/go-cmp v0.5.6/go.mod h1:v8dTdLbMG2kIc/vJvl+f65V22dbkXbowE6jgT/gNBxE=
github.com/gotestyourself/gotestyourself v2.2.0+incompatible h1:AQwinXlbQR2HvPjQZOmDhRqsv5mZf+Jb1RnSLxcqZcI=
github.com/gotestyourself/gotestyourself v2.2.0+incompatible/go.mod h1:zZKM6oeNM8k+FRljX1mnzVYeS8wiGgQyvST1/GafPbY=
github.com/mssola/capture v0.0.0-20180102083101-24891570e9b2 h1:o9BOGGhTR/HM60Y82GrAojw55+yPgktyNiwQOzYl6Jw=
github.com/mssola/capture v0.0.0-20180102083101-24891570e9b2/go.mod h1:8h4U3IE4abXznaGiXnqHXsLJ/yd9sqSv3TArGewVVgQ=
github.com/opencontainers/go-digest v1.0.0-rc1.0.20180430190053-c9281466c8b2 h1:2C93eP55foV5f0eNmXbidhKzwUZbs/Gk4PRp1zfeffs=
github.com/opencontainers/go-digest v1.0.0-rc1.0.20180430190053-c9281466c8b2/go.mod h1:cMLVZDEM3+U2I4VmLI6N8jQYUd2OVphdqWwCJHrFt2s=
github.com/opencontainers/image-spec v1.0.1 h1:JMemWkRwHx4Zj+fVxWoMCFm/8sYGGrUVojFA6h/TRcI=
github.com/opencontainers/image-spec v1.0.1/go.mod h1:BtxoFyWECRxE4U/7sNtV5W15zMzWCbyJoFRP3s7yZA0=
github.com/pkg/errors v0.8.1-0.20180311214515-816c9085562c h1:SZvPVPsWE261bl8uxQ6Siq+ExNmYomz4CTU9E0ALgj4=
github.com/pkg/errors v0.8.1-0.20180311214515-816c9085562c/go.mod h1:bwawxfHBFNV+L2hUp1rHADufV3IMtnDRdf1r5NINEl0=
github.com/pmezard/go-difflib v1.0.0 h1:4DBwDE0NGyQoBHbLQYPwSUPoCMWR5BEzIk/f1lZbAQM=
github.com/pmezard/go-difflib v1.0.0/go.mod h1:iKH77koFhYxTK1pcRnkKkqfTogsbg7gZNVY4sRDYZ/4=
github.com/russross/blackfriday v1.5.2-0.20180428102519-11635eb403ff h1:bxenFOpdnKzbA1dhcJpgiwjSw7yqvWWY6huCpmsBfv0=
github.com/russross/blackfriday v1.5.2-0.20180428102519-11635eb403ff/go.mod h1:JO/DiYxRf+HjHt06OyowR9PTA263kcR/rfWxYHBV53g=
github.com/stretchr/testify v1.2.2-0.20180319223459-c679ae2cc0cb h1:nt7YdN09XZcT7sloqA3JXOxGaxxErL1UMzBKFUlcIxc=
github.com/stretchr/testify v1.2.2-0.20180319223459-c679ae2cc0cb/go.mod h1:a8OnRcib4nhh0OaRAV+Yts87kKdq0PP7pXfy6kDkUVs=
go.uber.org/atomic v1.3.2 h1:2Oa65PReHzfn29GpvgsYwloV9AVFHPDk8tYxt2c2tr4=
go.uber.org/atomic v1.3.2/go.mod h1:gD2HeocX3+yG+ygLZcrzQJaqmWj9AIm7n08wl/qW/PE=
go.uber.org/multierr v1.1.1-0.20180122172545-ddea229ff1df h1:ijDSp1iOMDAWixcZLxdmOBE0N7YTvtV4s2HWE3U1CoQ=
go.uber.org/multierr v1.1.1-0.20180122172545-ddea229ff1df/go.mod h1:wR5kodmAFQ0UK8QlbwjlSNy0Z68gJhDJUG5sjR94q/0=
go.uber.org/zap v1.8.1-0.20180502182426-2dc8d10634f4 h1:ZgNmbwMIODxOTC76Vho7++NpvjG+UJv4efAslFIEm8k=
go.uber.org/zap v1.8.1-0.20180502182426-2dc8d10634f4/go.mod h1:vwi/ZaCAaUcBkycHslxD9B2zi4UTXhF60s6SWpuDF0Q=
golang.org/x/net v0.0.0-20180509002218-f73e4c9ed3b7 h1:vwPhSHmZ2xckGbhyz9c/u82CIp9iyzUDJHNXrRP0Xx8=
golang.org/x/net v0.0.0-20180509002218-f73e4c9ed3b7/go.mod h1:mL1N/T3taQHkDXs73rZJwtUhF3w3ftmwwsq0BUmARs4=
golang.org/x/sys v0.0.0-20180507135725-7db1c3b1a980 h1:hvqHUTRCXR+FYTkWHUJ1PxgLPanze5d14+1nKGWOi8k=
golang.org/x/sys v0.0.0-20180507135725-7db1c3b1a980/go.mod h1:STP8DvDyc/dI5b8T5hshtkjS+E42TnysNCUPdjciGhY=
golang.org/x/xerrors v0.0.0-20191204190536-9bdfabe68543/go.mod h1:I/5z698sn9Ka8TeJc9MKroUUfqBBauWjQqLJ2OPfmY0=
gotest.tools v2.2.0+incompatible h1:VsBPFP1AI068pPrMxtb/S8Zkgf9xEmTLJjfM+P5UIEo=
gotest.tools v2.2.0+incompatible/go.mod h1:DsYFclhRJ6vuDpmuTbkuFWG+y2sxOXAzmJt81HFBacw=
